// !$*UTF8*$!
{
	archiveVersion = 1;
	classes = {
	};
	objectVersion = 56;
	objects = {

/* Begin PBXBuildFile section */
		91233A2C2BE57BAB0083E6B2 /* EdatApp.swift in Sources */ = {isa = PBXBuildFile; fileRef = 91233A2B2BE57BAB0083E6B2 /* EdatApp.swift */; };
		91233A2E2BE57BAB0083E6B2 /* ContentView.swift in Sources */ = {isa = PBXBuildFile; fileRef = 91233A2D2BE57BAB0083E6B2 /* ContentView.swift */; };
		91233A302BE57BAB0083E6B2 /* Item.swift in Sources */ = {isa = PBXBuildFile; fileRef = 91233A2F2BE57BAB0083E6B2 /* Item.swift */; };
		91233A322BE57BAF0083E6B2 /* Assets.xcassets in Resources */ = {isa = PBXBuildFile; fileRef = 91233A312BE57BAF0083E6B2 /* Assets.xcassets */; };
		91233A352BE57BAF0083E6B2 /* Preview Assets.xcassets in Resources */ = {isa = PBXBuildFile; fileRef = 91233A342BE57BAF0083E6B2 /* Preview Assets.xcassets */; };
		91233A3F2BE57BB00083E6B2 /* EdatTests.swift in Sources */ = {isa = PBXBuildFile; fileRef = 91233A3E2BE57BB00083E6B2 /* EdatTests.swift */; };
		91233A492BE57BB00083E6B2 /* EdatUITests.swift in Sources */ = {isa = PBXBuildFile; fileRef = 91233A482BE57BB00083E6B2 /* EdatUITests.swift */; };
		91233A4B2BE57BB00083E6B2 /* EdatUITestsLaunchTests.swift in Sources */ = {isa = PBXBuildFile; fileRef = 91233A4A2BE57BB00083E6B2 /* EdatUITestsLaunchTests.swift */; };
		913F81E02BF1DADC0031D30A /* SynthAmbi.swift in Sources */ = {isa = PBXBuildFile; fileRef = 913F81DF2BF1DADC0031D30A /* SynthAmbi.swift */; };
		916094AD2BF15E100019DFC3 /* SynthBasic.swift in Sources */ = {isa = PBXBuildFile; fileRef = 916094AC2BF15E100019DFC3 /* SynthBasic.swift */; };
		917295972BF0730A007134C0 /* libzer0-ios.a in Frameworks */ = {isa = PBXBuildFile; fileRef = 917295932BF070B4007134C0 /* libzer0-ios.a */; };
		91930F692BE7FBC200F1202B /* Constants.swift in Sources */ = {isa = PBXBuildFile; fileRef = 91930F682BE7FBC200F1202B /* Constants.swift */; };
		91930F6A2BE7FBC200F1202B /* Constants.swift in Sources */ = {isa = PBXBuildFile; fileRef = 91930F682BE7FBC200F1202B /* Constants.swift */; };
		91930F6B2BE7FBC200F1202B /* Constants.swift in Sources */ = {isa = PBXBuildFile; fileRef = 91930F682BE7FBC200F1202B /* Constants.swift */; };
		91930F762BE809C900F1202B /* Data.swift in Sources */ = {isa = PBXBuildFile; fileRef = 91930F752BE809C900F1202B /* Data.swift */; };
		91930F772BE809C900F1202B /* Data.swift in Sources */ = {isa = PBXBuildFile; fileRef = 91930F752BE809C900F1202B /* Data.swift */; };
		91930F782BE809C900F1202B /* Data.swift in Sources */ = {isa = PBXBuildFile; fileRef = 91930F752BE809C900F1202B /* Data.swift */; };
		91930F802BE8207E00F1202B /* DataCollector.swift in Sources */ = {isa = PBXBuildFile; fileRef = 91930F7F2BE8207E00F1202B /* DataCollector.swift */; };
		91930F812BE8207E00F1202B /* DataCollector.swift in Sources */ = {isa = PBXBuildFile; fileRef = 91930F7F2BE8207E00F1202B /* DataCollector.swift */; };
		91930F822BE8207E00F1202B /* DataCollector.swift in Sources */ = {isa = PBXBuildFile; fileRef = 91930F7F2BE8207E00F1202B /* DataCollector.swift */; };
		91930F852BE86FD700F1202B /* SpeechNode.swift in Sources */ = {isa = PBXBuildFile; fileRef = 91930F842BE86FD700F1202B /* SpeechNode.swift */; };
		91930F862BE86FD700F1202B /* SpeechNode.swift in Sources */ = {isa = PBXBuildFile; fileRef = 91930F842BE86FD700F1202B /* SpeechNode.swift */; };
		91930F872BE86FD700F1202B /* SpeechNode.swift in Sources */ = {isa = PBXBuildFile; fileRef = 91930F842BE86FD700F1202B /* SpeechNode.swift */; };
		91930F892BE953AF00F1202B /* Speak.swift in Sources */ = {isa = PBXBuildFile; fileRef = 91930F882BE953AF00F1202B /* Speak.swift */; };
		91930F8A2BE953AF00F1202B /* Speak.swift in Sources */ = {isa = PBXBuildFile; fileRef = 91930F882BE953AF00F1202B /* Speak.swift */; };
		91930F8B2BE953AF00F1202B /* Speak.swift in Sources */ = {isa = PBXBuildFile; fileRef = 91930F882BE953AF00F1202B /* Speak.swift */; };
/* End PBXBuildFile section */

/* Begin PBXContainerItemProxy section */
		91233A3B2BE57BB00083E6B2 /* PBXContainerItemProxy */ = {
			isa = PBXContainerItemProxy;
			containerPortal = 91233A202BE57BAB0083E6B2 /* Project object */;
			proxyType = 1;
			remoteGlobalIDString = 91233A272BE57BAB0083E6B2;
			remoteInfo = Edat;
		};
		91233A452BE57BB00083E6B2 /* PBXContainerItemProxy */ = {
			isa = PBXContainerItemProxy;
			containerPortal = 91233A202BE57BAB0083E6B2 /* Project object */;
			proxyType = 1;
			remoteGlobalIDString = 91233A272BE57BAB0083E6B2;
			remoteInfo = Edat;
		};
		917295922BF070B4007134C0 /* PBXContainerItemProxy */ = {
			isa = PBXContainerItemProxy;
			containerPortal = 9172958E2BF070B4007134C0 /* zer0-ios.xcodeproj */;
			proxyType = 2;
			remoteGlobalIDString = 917295842BF070B4007134C0;
			remoteInfo = "zer0-ios";
		};
/* End PBXContainerItemProxy section */

/* Begin PBXFileReference section */
		91233A282BE57BAB0083E6B2 /* Edat.app */ = {isa = PBXFileReference; explicitFileType = wrapper.application; includeInIndex = 0; path = Edat.app; sourceTree = BUILT_PRODUCTS_DIR; };
		91233A2B2BE57BAB0083E6B2 /* EdatApp.swift */ = {isa = PBXFileReference; lastKnownFileType = sourcecode.swift; path = EdatApp.swift; sourceTree = "<group>"; };
		91233A2D2BE57BAB0083E6B2 /* ContentView.swift */ = {isa = PBXFileReference; lastKnownFileType = sourcecode.swift; path = ContentView.swift; sourceTree = "<group>"; };
		91233A2F2BE57BAB0083E6B2 /* Item.swift */ = {isa = PBXFileReference; lastKnownFileType = sourcecode.swift; path = Item.swift; sourceTree = "<group>"; };
		91233A312BE57BAF0083E6B2 /* Assets.xcassets */ = {isa = PBXFileReference; lastKnownFileType = folder.assetcatalog; path = Assets.xcassets; sourceTree = "<group>"; };
		91233A342BE57BAF0083E6B2 /* Preview Assets.xcassets */ = {isa = PBXFileReference; lastKnownFileType = folder.assetcatalog; path = "Preview Assets.xcassets"; sourceTree = "<group>"; };
		91233A3A2BE57BB00083E6B2 /* EdatTests.xctest */ = {isa = PBXFileReference; explicitFileType = wrapper.cfbundle; includeInIndex = 0; path = EdatTests.xctest; sourceTree = BUILT_PRODUCTS_DIR; };
		91233A3E2BE57BB00083E6B2 /* EdatTests.swift */ = {isa = PBXFileReference; lastKnownFileType = sourcecode.swift; path = EdatTests.swift; sourceTree = "<group>"; };
		91233A442BE57BB00083E6B2 /* EdatUITests.xctest */ = {isa = PBXFileReference; explicitFileType = wrapper.cfbundle; includeInIndex = 0; path = EdatUITests.xctest; sourceTree = BUILT_PRODUCTS_DIR; };
		91233A482BE57BB00083E6B2 /* EdatUITests.swift */ = {isa = PBXFileReference; lastKnownFileType = sourcecode.swift; path = EdatUITests.swift; sourceTree = "<group>"; };
		91233A4A2BE57BB00083E6B2 /* EdatUITestsLaunchTests.swift */ = {isa = PBXFileReference; lastKnownFileType = sourcecode.swift; path = EdatUITestsLaunchTests.swift; sourceTree = "<group>"; };
		913F81DF2BF1DADC0031D30A /* SynthAmbi.swift */ = {isa = PBXFileReference; lastKnownFileType = sourcecode.swift; path = SynthAmbi.swift; sourceTree = "<group>"; };
		916094AC2BF15E100019DFC3 /* SynthBasic.swift */ = {isa = PBXFileReference; lastKnownFileType = sourcecode.swift; path = SynthBasic.swift; sourceTree = "<group>"; };
		9172958E2BF070B4007134C0 /* zer0-ios.xcodeproj */ = {isa = PBXFileReference; lastKnownFileType = "wrapper.pb-project"; name = "zer0-ios.xcodeproj"; path = "../zer0-ios/zer0-ios.xcodeproj"; sourceTree = "<group>"; };
		91930F682BE7FBC200F1202B /* Constants.swift */ = {isa = PBXFileReference; lastKnownFileType = sourcecode.swift; path = Constants.swift; sourceTree = "<group>"; };
		91930F752BE809C900F1202B /* Data.swift */ = {isa = PBXFileReference; lastKnownFileType = sourcecode.swift; path = Data.swift; sourceTree = "<group>"; };
		91930F7D2BE8164500F1202B /* Info.plist */ = {isa = PBXFileReference; lastKnownFileType = text.plist; path = Info.plist; sourceTree = "<group>"; };
		91930F7F2BE8207E00F1202B /* DataCollector.swift */ = {isa = PBXFileReference; lastKnownFileType = sourcecode.swift; path = DataCollector.swift; sourceTree = "<group>"; };
		91930F842BE86FD700F1202B /* SpeechNode.swift */ = {isa = PBXFileReference; lastKnownFileType = sourcecode.swift; path = SpeechNode.swift; sourceTree = "<group>"; };
		91930F882BE953AF00F1202B /* Speak.swift */ = {isa = PBXFileReference; lastKnownFileType = sourcecode.swift; path = Speak.swift; sourceTree = "<group>"; };
/* End PBXFileReference section */

/* Begin PBXFrameworksBuildPhase section */
		91233A252BE57BAB0083E6B2 /* Frameworks */ = {
			isa = PBXFrameworksBuildPhase;
			buildActionMask = 2147483647;
			files = (
				917295972BF0730A007134C0 /* libzer0-ios.a in Frameworks */,
			);
			runOnlyForDeploymentPostprocessing = 0;
		};
		91233A372BE57BB00083E6B2 /* Frameworks */ = {
			isa = PBXFrameworksBuildPhase;
			buildActionMask = 2147483647;
			files = (
			);
			runOnlyForDeploymentPostprocessing = 0;
		};
		91233A412BE57BB00083E6B2 /* Frameworks */ = {
			isa = PBXFrameworksBuildPhase;
			buildActionMask = 2147483647;
			files = (
			);
			runOnlyForDeploymentPostprocessing = 0;
		};
/* End PBXFrameworksBuildPhase section */

/* Begin PBXGroup section */
		91233A1F2BE57BAB0083E6B2 = {
			isa = PBXGroup;
			children = (
				9172958E2BF070B4007134C0 /* zer0-ios.xcodeproj */,
				91233A2A2BE57BAB0083E6B2 /* Edat */,
				91233A3D2BE57BB00083E6B2 /* EdatTests */,
				91233A472BE57BB00083E6B2 /* EdatUITests */,
				91233A292BE57BAB0083E6B2 /* Products */,
				917295942BF07126007134C0 /* Frameworks */,
			);
			sourceTree = "<group>";
		};
		91233A292BE57BAB0083E6B2 /* Products */ = {
			isa = PBXGroup;
			children = (
				91233A282BE57BAB0083E6B2 /* Edat.app */,
				91233A3A2BE57BB00083E6B2 /* EdatTests.xctest */,
				91233A442BE57BB00083E6B2 /* EdatUITests.xctest */,
			);
			name = Products;
			sourceTree = "<group>";
		};
		91233A2A2BE57BAB0083E6B2 /* Edat */ = {
			isa = PBXGroup;
			children = (
				91930F832BE86FC100F1202B /* Audio */,
				91930F7E2BE8207200F1202B /* Data */,
				91930F7D2BE8164500F1202B /* Info.plist */,
				91930F742BE809AF00F1202B /* Network */,
				916094AA2BF15E030019DFC3 /* Synths */,
				91930F632BE7FABC00F1202B /* Utils */,
				91233A2B2BE57BAB0083E6B2 /* EdatApp.swift */,
				91233A2D2BE57BAB0083E6B2 /* ContentView.swift */,
				91233A2F2BE57BAB0083E6B2 /* Item.swift */,
				91233A312BE57BAF0083E6B2 /* Assets.xcassets */,
				91233A332BE57BAF0083E6B2 /* Preview Content */,
			);
			path = Edat;
			sourceTree = "<group>";
		};
		91233A332BE57BAF0083E6B2 /* Preview Content */ = {
			isa = PBXGroup;
			children = (
				91233A342BE57BAF0083E6B2 /* Preview Assets.xcassets */,
			);
			path = "Preview Content";
			sourceTree = "<group>";
		};
		91233A3D2BE57BB00083E6B2 /* EdatTests */ = {
			isa = PBXGroup;
			children = (
				91233A3E2BE57BB00083E6B2 /* EdatTests.swift */,
			);
			path = EdatTests;
			sourceTree = "<group>";
		};
		91233A472BE57BB00083E6B2 /* EdatUITests */ = {
			isa = PBXGroup;
			children = (
				91233A482BE57BB00083E6B2 /* EdatUITests.swift */,
				91233A4A2BE57BB00083E6B2 /* EdatUITestsLaunchTests.swift */,
			);
			path = EdatUITests;
			sourceTree = "<group>";
		};
		916094AA2BF15E030019DFC3 /* Synths */ = {
			isa = PBXGroup;
			children = (
				913F81DF2BF1DADC0031D30A /* SynthAmbi.swift */,
				916094AC2BF15E100019DFC3 /* SynthBasic.swift */,
			);
			path = Synths;
			sourceTree = "<group>";
		};
		9172958F2BF070B4007134C0 /* Products */ = {
			isa = PBXGroup;
			children = (
				917295932BF070B4007134C0 /* libzer0-ios.a */,
			);
			name = Products;
			sourceTree = "<group>";
		};
		917295942BF07126007134C0 /* Frameworks */ = {
			isa = PBXGroup;
			children = (
			);
			name = Frameworks;
			sourceTree = "<group>";
		};
		91930F632BE7FABC00F1202B /* Utils */ = {
			isa = PBXGroup;
			children = (
				91930F682BE7FBC200F1202B /* Constants.swift */,
			);
			path = Utils;
			sourceTree = "<group>";
		};
		91930F742BE809AF00F1202B /* Network */ = {
			isa = PBXGroup;
			children = (
				91930F752BE809C900F1202B /* Data.swift */,
				91930F882BE953AF00F1202B /* Speak.swift */,
			);
			path = Network;
			sourceTree = "<group>";
		};
		91930F7E2BE8207200F1202B /* Data */ = {
			isa = PBXGroup;
			children = (
				91930F7F2BE8207E00F1202B /* DataCollector.swift */,
			);
			path = Data;
			sourceTree = "<group>";
		};
		91930F832BE86FC100F1202B /* Audio */ = {
			isa = PBXGroup;
			children = (
				91930F842BE86FD700F1202B /* SpeechNode.swift */,
			);
			path = Audio;
			sourceTree = "<group>";
		};
/* End PBXGroup section */

/* Begin PBXNativeTarget section */
		91233A272BE57BAB0083E6B2 /* Edat */ = {
			isa = PBXNativeTarget;
			buildConfigurationList = 91233A4E2BE57BB00083E6B2 /* Build configuration list for PBXNativeTarget "Edat" */;
			buildPhases = (
				91233A242BE57BAB0083E6B2 /* Sources */,
				91233A252BE57BAB0083E6B2 /* Frameworks */,
				91233A262BE57BAB0083E6B2 /* Resources */,
			);
			buildRules = (
			);
			dependencies = (
			);
			name = Edat;
			productName = Edat;
			productReference = 91233A282BE57BAB0083E6B2 /* Edat.app */;
			productType = "com.apple.product-type.application";
		};
		91233A392BE57BB00083E6B2 /* EdatTests */ = {
			isa = PBXNativeTarget;
			buildConfigurationList = 91233A512BE57BB00083E6B2 /* Build configuration list for PBXNativeTarget "EdatTests" */;
			buildPhases = (
				91233A362BE57BB00083E6B2 /* Sources */,
				91233A372BE57BB00083E6B2 /* Frameworks */,
				91233A382BE57BB00083E6B2 /* Resources */,
			);
			buildRules = (
			);
			dependencies = (
				91233A3C2BE57BB00083E6B2 /* PBXTargetDependency */,
			);
			name = EdatTests;
			productName = EdatTests;
			productReference = 91233A3A2BE57BB00083E6B2 /* EdatTests.xctest */;
			productType = "com.apple.product-type.bundle.unit-test";
		};
		91233A432BE57BB00083E6B2 /* EdatUITests */ = {
			isa = PBXNativeTarget;
			buildConfigurationList = 91233A542BE57BB00083E6B2 /* Build configuration list for PBXNativeTarget "EdatUITests" */;
			buildPhases = (
				91233A402BE57BB00083E6B2 /* Sources */,
				91233A412BE57BB00083E6B2 /* Frameworks */,
				91233A422BE57BB00083E6B2 /* Resources */,
			);
			buildRules = (
			);
			dependencies = (
				91233A462BE57BB00083E6B2 /* PBXTargetDependency */,
			);
			name = EdatUITests;
			productName = EdatUITests;
			productReference = 91233A442BE57BB00083E6B2 /* EdatUITests.xctest */;
			productType = "com.apple.product-type.bundle.ui-testing";
		};
/* End PBXNativeTarget section */

/* Begin PBXProject section */
		91233A202BE57BAB0083E6B2 /* Project object */ = {
			isa = PBXProject;
			attributes = {
				BuildIndependentTargetsInParallel = 1;
				LastSwiftUpdateCheck = 1530;
				LastUpgradeCheck = 1530;
				TargetAttributes = {
					91233A272BE57BAB0083E6B2 = {
						CreatedOnToolsVersion = 15.3;
					};
					91233A392BE57BB00083E6B2 = {
						CreatedOnToolsVersion = 15.3;
						TestTargetID = 91233A272BE57BAB0083E6B2;
					};
					91233A432BE57BB00083E6B2 = {
						CreatedOnToolsVersion = 15.3;
						TestTargetID = 91233A272BE57BAB0083E6B2;
					};
				};
			};
			buildConfigurationList = 91233A232BE57BAB0083E6B2 /* Build configuration list for PBXProject "Edat" */;
			compatibilityVersion = "Xcode 14.0";
			developmentRegion = en;
			hasScannedForEncodings = 0;
			knownRegions = (
				en,
				Base,
			);
			mainGroup = 91233A1F2BE57BAB0083E6B2;
			productRefGroup = 91233A292BE57BAB0083E6B2 /* Products */;
			projectDirPath = "";
			projectReferences = (
				{
					ProductGroup = 9172958F2BF070B4007134C0 /* Products */;
					ProjectRef = 9172958E2BF070B4007134C0 /* zer0-ios.xcodeproj */;
				},
			);
			projectRoot = "";
			targets = (
				91233A272BE57BAB0083E6B2 /* Edat */,
				91233A392BE57BB00083E6B2 /* EdatTests */,
				91233A432BE57BB00083E6B2 /* EdatUITests */,
			);
		};
/* End PBXProject section */

/* Begin PBXReferenceProxy section */
		917295932BF070B4007134C0 /* libzer0-ios.a */ = {
			isa = PBXReferenceProxy;
			fileType = archive.ar;
			path = "libzer0-ios.a";
			remoteRef = 917295922BF070B4007134C0 /* PBXContainerItemProxy */;
			sourceTree = BUILT_PRODUCTS_DIR;
		};
/* End PBXReferenceProxy section */

/* Begin PBXResourcesBuildPhase section */
		91233A262BE57BAB0083E6B2 /* Resources */ = {
			isa = PBXResourcesBuildPhase;
			buildActionMask = 2147483647;
			files = (
				91233A352BE57BAF0083E6B2 /* Preview Assets.xcassets in Resources */,
				91233A322BE57BAF0083E6B2 /* Assets.xcassets in Resources */,
			);
			runOnlyForDeploymentPostprocessing = 0;
		};
		91233A382BE57BB00083E6B2 /* Resources */ = {
			isa = PBXResourcesBuildPhase;
			buildActionMask = 2147483647;
			files = (
			);
			runOnlyForDeploymentPostprocessing = 0;
		};
		91233A422BE57BB00083E6B2 /* Resources */ = {
			isa = PBXResourcesBuildPhase;
			buildActionMask = 2147483647;
			files = (
			);
			runOnlyForDeploymentPostprocessing = 0;
		};
/* End PBXResourcesBuildPhase section */

/* Begin PBXSourcesBuildPhase section */
		91233A242BE57BAB0083E6B2 /* Sources */ = {
			isa = PBXSourcesBuildPhase;
			buildActionMask = 2147483647;
			files = (
				91930F692BE7FBC200F1202B /* Constants.swift in Sources */,
				91233A2E2BE57BAB0083E6B2 /* ContentView.swift in Sources */,
				91930F762BE809C900F1202B /* Data.swift in Sources */,
				91233A302BE57BAB0083E6B2 /* Item.swift in Sources */,
				91233A2C2BE57BAB0083E6B2 /* EdatApp.swift in Sources */,
				916094AD2BF15E100019DFC3 /* SynthBasic.swift in Sources */,
				91930F802BE8207E00F1202B /* DataCollector.swift in Sources */,
				91930F892BE953AF00F1202B /* Speak.swift in Sources */,
				91930F852BE86FD700F1202B /* SpeechNode.swift in Sources */,
				913F81E02BF1DADC0031D30A /* SynthAmbi.swift in Sources */,
			);
			runOnlyForDeploymentPostprocessing = 0;
		};
		91233A362BE57BB00083E6B2 /* Sources */ = {
			isa = PBXSourcesBuildPhase;
			buildActionMask = 2147483647;
			files = (
				91930F862BE86FD700F1202B /* SpeechNode.swift in Sources */,
				91233A3F2BE57BB00083E6B2 /* EdatTests.swift in Sources */,
				91930F772BE809C900F1202B /* Data.swift in Sources */,
				91930F8A2BE953AF00F1202B /* Speak.swift in Sources */,
				91930F6A2BE7FBC200F1202B /* Constants.swift in Sources */,
				91930F812BE8207E00F1202B /* DataCollector.swift in Sources */,
			);
			runOnlyForDeploymentPostprocessing = 0;
		};
		91233A402BE57BB00083E6B2 /* Sources */ = {
			isa = PBXSourcesBuildPhase;
			buildActionMask = 2147483647;
			files = (
				91930F822BE8207E00F1202B /* DataCollector.swift in Sources */,
				91233A4B2BE57BB00083E6B2 /* EdatUITestsLaunchTests.swift in Sources */,
				91930F8B2BE953AF00F1202B /* Speak.swift in Sources */,
				91233A492BE57BB00083E6B2 /* EdatUITests.swift in Sources */,
				91930F782BE809C900F1202B /* Data.swift in Sources */,
				91930F6B2BE7FBC200F1202B /* Constants.swift in Sources */,
				91930F872BE86FD700F1202B /* SpeechNode.swift in Sources */,
			);
			runOnlyForDeploymentPostprocessing = 0;
		};
/* End PBXSourcesBuildPhase section */

/* Begin PBXTargetDependency section */
		91233A3C2BE57BB00083E6B2 /* PBXTargetDependency */ = {
			isa = PBXTargetDependency;
			target = 91233A272BE57BAB0083E6B2 /* Edat */;
			targetProxy = 91233A3B2BE57BB00083E6B2 /* PBXContainerItemProxy */;
		};
		91233A462BE57BB00083E6B2 /* PBXTargetDependency */ = {
			isa = PBXTargetDependency;
			target = 91233A272BE57BAB0083E6B2 /* Edat */;
			targetProxy = 91233A452BE57BB00083E6B2 /* PBXContainerItemProxy */;
		};
/* End PBXTargetDependency section */

/* Begin XCBuildConfiguration section */
		91233A4C2BE57BB00083E6B2 /* Debug */ = {
			isa = XCBuildConfiguration;
			buildSettings = {
				ALWAYS_SEARCH_USER_PATHS = NO;
				ASSETCATALOG_COMPILER_GENERATE_SWIFT_ASSET_SYMBOL_EXTENSIONS = YES;
				CLANG_ANALYZER_NONNULL = YES;
				CLANG_ANALYZER_NUMBER_OBJECT_CONVERSION = YES_AGGRESSIVE;
				CLANG_CXX_LANGUAGE_STANDARD = "gnu++20";
				CLANG_ENABLE_MODULES = YES;
				CLANG_ENABLE_OBJC_ARC = YES;
				CLANG_ENABLE_OBJC_WEAK = YES;
				CLANG_WARN_BLOCK_CAPTURE_AUTORELEASING = YES;
				CLANG_WARN_BOOL_CONVERSION = YES;
				CLANG_WARN_COMMA = YES;
				CLANG_WARN_CONSTANT_CONVERSION = YES;
				CLANG_WARN_DEPRECATED_OBJC_IMPLEMENTATIONS = YES;
				CLANG_WARN_DIRECT_OBJC_ISA_USAGE = YES_ERROR;
				CLANG_WARN_DOCUMENTATION_COMMENTS = YES;
				CLANG_WARN_EMPTY_BODY = YES;
				CLANG_WARN_ENUM_CONVERSION = YES;
				CLANG_WARN_INFINITE_RECURSION = YES;
				CLANG_WARN_INT_CONVERSION = YES;
				CLANG_WARN_NON_LITERAL_NULL_CONVERSION = YES;
				CLANG_WARN_OBJC_IMPLICIT_RETAIN_SELF = YES;
				CLANG_WARN_OBJC_LITERAL_CONVERSION = YES;
				CLANG_WARN_OBJC_ROOT_CLASS = YES_ERROR;
				CLANG_WARN_QUOTED_INCLUDE_IN_FRAMEWORK_HEADER = YES;
				CLANG_WARN_RANGE_LOOP_ANALYSIS = YES;
				CLANG_WARN_STRICT_PROTOTYPES = YES;
				CLANG_WARN_SUSPICIOUS_MOVE = YES;
				CLANG_WARN_UNGUARDED_AVAILABILITY = YES_AGGRESSIVE;
				CLANG_WARN_UNREACHABLE_CODE = YES;
				CLANG_WARN__DUPLICATE_METHOD_MATCH = YES;
				COPY_PHASE_STRIP = NO;
				DEBUG_INFORMATION_FORMAT = dwarf;
				ENABLE_STRICT_OBJC_MSGSEND = YES;
				ENABLE_TESTABILITY = YES;
				ENABLE_USER_SCRIPT_SANDBOXING = YES;
				GCC_C_LANGUAGE_STANDARD = gnu17;
				GCC_DYNAMIC_NO_PIC = NO;
				GCC_NO_COMMON_BLOCKS = YES;
				GCC_OPTIMIZATION_LEVEL = 0;
				GCC_PREPROCESSOR_DEFINITIONS = (
					"DEBUG=1",
					"$(inherited)",
				);
				GCC_WARN_64_TO_32_BIT_CONVERSION = YES;
				GCC_WARN_ABOUT_RETURN_TYPE = YES_ERROR;
				GCC_WARN_UNDECLARED_SELECTOR = YES;
				GCC_WARN_UNINITIALIZED_AUTOS = YES_AGGRESSIVE;
				GCC_WARN_UNUSED_FUNCTION = YES;
				GCC_WARN_UNUSED_VARIABLE = YES;
				IPHONEOS_DEPLOYMENT_TARGET = 17.4;
				LOCALIZATION_PREFERS_STRING_CATALOGS = YES;
				MTL_ENABLE_DEBUG_INFO = INCLUDE_SOURCE;
				MTL_FAST_MATH = YES;
				ONLY_ACTIVE_ARCH = YES;
				SDKROOT = iphoneos;
				SWIFT_ACTIVE_COMPILATION_CONDITIONS = "DEBUG $(inherited)";
				SWIFT_OPTIMIZATION_LEVEL = "-Onone";
			};
			name = Debug;
		};
		91233A4D2BE57BB00083E6B2 /* Release */ = {
			isa = XCBuildConfiguration;
			buildSettings = {
				ALWAYS_SEARCH_USER_PATHS = NO;
				ASSETCATALOG_COMPILER_GENERATE_SWIFT_ASSET_SYMBOL_EXTENSIONS = YES;
				CLANG_ANALYZER_NONNULL = YES;
				CLANG_ANALYZER_NUMBER_OBJECT_CONVERSION = YES_AGGRESSIVE;
				CLANG_CXX_LANGUAGE_STANDARD = "gnu++20";
				CLANG_ENABLE_MODULES = YES;
				CLANG_ENABLE_OBJC_ARC = YES;
				CLANG_ENABLE_OBJC_WEAK = YES;
				CLANG_WARN_BLOCK_CAPTURE_AUTORELEASING = YES;
				CLANG_WARN_BOOL_CONVERSION = YES;
				CLANG_WARN_COMMA = YES;
				CLANG_WARN_CONSTANT_CONVERSION = YES;
				CLANG_WARN_DEPRECATED_OBJC_IMPLEMENTATIONS = YES;
				CLANG_WARN_DIRECT_OBJC_ISA_USAGE = YES_ERROR;
				CLANG_WARN_DOCUMENTATION_COMMENTS = YES;
				CLANG_WARN_EMPTY_BODY = YES;
				CLANG_WARN_ENUM_CONVERSION = YES;
				CLANG_WARN_INFINITE_RECURSION = YES;
				CLANG_WARN_INT_CONVERSION = YES;
				CLANG_WARN_NON_LITERAL_NULL_CONVERSION = YES;
				CLANG_WARN_OBJC_IMPLICIT_RETAIN_SELF = YES;
				CLANG_WARN_OBJC_LITERAL_CONVERSION = YES;
				CLANG_WARN_OBJC_ROOT_CLASS = YES_ERROR;
				CLANG_WARN_QUOTED_INCLUDE_IN_FRAMEWORK_HEADER = YES;
				CLANG_WARN_RANGE_LOOP_ANALYSIS = YES;
				CLANG_WARN_STRICT_PROTOTYPES = YES;
				CLANG_WARN_SUSPICIOUS_MOVE = YES;
				CLANG_WARN_UNGUARDED_AVAILABILITY = YES_AGGRESSIVE;
				CLANG_WARN_UNREACHABLE_CODE = YES;
				CLANG_WARN__DUPLICATE_METHOD_MATCH = YES;
				COPY_PHASE_STRIP = NO;
				DEBUG_INFORMATION_FORMAT = "dwarf-with-dsym";
				ENABLE_NS_ASSERTIONS = NO;
				ENABLE_STRICT_OBJC_MSGSEND = YES;
				ENABLE_USER_SCRIPT_SANDBOXING = YES;
				GCC_C_LANGUAGE_STANDARD = gnu17;
				GCC_NO_COMMON_BLOCKS = YES;
				GCC_WARN_64_TO_32_BIT_CONVERSION = YES;
				GCC_WARN_ABOUT_RETURN_TYPE = YES_ERROR;
				GCC_WARN_UNDECLARED_SELECTOR = YES;
				GCC_WARN_UNINITIALIZED_AUTOS = YES_AGGRESSIVE;
				GCC_WARN_UNUSED_FUNCTION = YES;
				GCC_WARN_UNUSED_VARIABLE = YES;
				IPHONEOS_DEPLOYMENT_TARGET = 17.4;
				LOCALIZATION_PREFERS_STRING_CATALOGS = YES;
				MTL_ENABLE_DEBUG_INFO = NO;
				MTL_FAST_MATH = YES;
				SDKROOT = iphoneos;
				SWIFT_COMPILATION_MODE = wholemodule;
				VALIDATE_PRODUCT = YES;
			};
			name = Release;
		};
		91233A4F2BE57BB00083E6B2 /* Debug */ = {
			isa = XCBuildConfiguration;
			buildSettings = {
				ASSETCATALOG_COMPILER_APPICON_NAME = AppIcon;
				ASSETCATALOG_COMPILER_GLOBAL_ACCENT_COLOR_NAME = AccentColor;
				CODE_SIGN_STYLE = Automatic;
				CURRENT_PROJECT_VERSION = 1;
				DEVELOPMENT_ASSET_PATHS = "\"Edat/Preview Content\"";
				DEVELOPMENT_TEAM = UPCM39KX7S;
				ENABLE_PREVIEWS = YES;
				GENERATE_INFOPLIST_FILE = YES;
				INFOPLIST_FILE = Edat/Info.plist;
				INFOPLIST_KEY_CFBundleDisplayName = Edat;
				INFOPLIST_KEY_LSApplicationCategoryType = "public.app-category.utilities";
				INFOPLIST_KEY_UIApplicationSceneManifest_Generation = YES;
				INFOPLIST_KEY_UIApplicationSupportsIndirectInputEvents = YES;
				INFOPLIST_KEY_UILaunchScreen_Generation = YES;
				INFOPLIST_KEY_UISupportedInterfaceOrientations = "UIInterfaceOrientationLandscapeLeft UIInterfaceOrientationLandscapeRight UIInterfaceOrientationPortrait";
				INFOPLIST_KEY_UISupportedInterfaceOrientations_iPad = "UIInterfaceOrientationLandscapeLeft UIInterfaceOrientationLandscapeRight UIInterfaceOrientationPortrait UIInterfaceOrientationPortraitUpsideDown";
				LD_RUNPATH_SEARCH_PATHS = (
					"$(inherited)",
					"@executable_path/Frameworks",
				);
				MARKETING_VERSION = 1.0;
				PRODUCT_BUNDLE_IDENTIFIER = dev.alic3.Edat;
				PRODUCT_NAME = "$(TARGET_NAME)";
				SWIFT_EMIT_LOC_STRINGS = YES;
				SWIFT_VERSION = 5.0;
				TARGETED_DEVICE_FAMILY = "1,2";
			};
			name = Debug;
		};
		91233A502BE57BB00083E6B2 /* Release */ = {
			isa = XCBuildConfiguration;
			buildSettings = {
				ASSETCATALOG_COMPILER_APPICON_NAME = AppIcon;
				ASSETCATALOG_COMPILER_GLOBAL_ACCENT_COLOR_NAME = AccentColor;
				CODE_SIGN_STYLE = Automatic;
				CURRENT_PROJECT_VERSION = 1;
				DEVELOPMENT_ASSET_PATHS = "\"Edat/Preview Content\"";
				DEVELOPMENT_TEAM = UPCM39KX7S;
				ENABLE_PREVIEWS = YES;
				GENERATE_INFOPLIST_FILE = YES;
				INFOPLIST_FILE = Edat/Info.plist;
				INFOPLIST_KEY_CFBundleDisplayName = Edat;
				INFOPLIST_KEY_LSApplicationCategoryType = "public.app-category.utilities";
				INFOPLIST_KEY_UIApplicationSceneManifest_Generation = YES;
				INFOPLIST_KEY_UIApplicationSupportsIndirectInputEvents = YES;
				INFOPLIST_KEY_UILaunchScreen_Generation = YES;
				INFOPLIST_KEY_UISupportedInterfaceOrientations = "UIInterfaceOrientationLandscapeLeft UIInterfaceOrientationLandscapeRight UIInterfaceOrientationPortrait";
				INFOPLIST_KEY_UISupportedInterfaceOrientations_iPad = "UIInterfaceOrientationLandscapeLeft UIInterfaceOrientationLandscapeRight UIInterfaceOrientationPortrait UIInterfaceOrientationPortraitUpsideDown";
				LD_RUNPATH_SEARCH_PATHS = (
					"$(inherited)",
					"@executable_path/Frameworks",
				);
				MARKETING_VERSION = 1.0;
				PRODUCT_BUNDLE_IDENTIFIER = dev.alic3.Edat;
				PRODUCT_NAME = "$(TARGET_NAME)";
				SWIFT_EMIT_LOC_STRINGS = YES;
				SWIFT_VERSION = 5.0;
				TARGETED_DEVICE_FAMILY = "1,2";
			};
			name = Release;
		};
		91233A522BE57BB00083E6B2 /* Debug */ = {
			isa = XCBuildConfiguration;
			buildSettings = {
				ALWAYS_EMBED_SWIFT_STANDARD_LIBRARIES = YES;
				BUNDLE_LOADER = "$(TEST_HOST)";
				CODE_SIGN_STYLE = Automatic;
				CURRENT_PROJECT_VERSION = 1;
				DEVELOPMENT_TEAM = UPCM39KX7S;
				GENERATE_INFOPLIST_FILE = YES;
				IPHONEOS_DEPLOYMENT_TARGET = 17.4;
				MARKETING_VERSION = 1.0;
				PRODUCT_BUNDLE_IDENTIFIER = dev.alic3.EdatTests;
				PRODUCT_NAME = "$(TARGET_NAME)";
				SWIFT_EMIT_LOC_STRINGS = NO;
				SWIFT_VERSION = 5.0;
				TARGETED_DEVICE_FAMILY = "1,2";
				TEST_HOST = "$(BUILT_PRODUCTS_DIR)/Edat.app/$(BUNDLE_EXECUTABLE_FOLDER_PATH)/Edat";
			};
			name = Debug;
		};
		91233A532BE57BB00083E6B2 /* Release */ = {
			isa = XCBuildConfiguration;
			buildSettings = {
				ALWAYS_EMBED_SWIFT_STANDARD_LIBRARIES = YES;
				BUNDLE_LOADER = "$(TEST_HOST)";
				CODE_SIGN_STYLE = Automatic;
				CURRENT_PROJECT_VERSION = 1;
				DEVELOPMENT_TEAM = UPCM39KX7S;
				GENERATE_INFOPLIST_FILE = YES;
				IPHONEOS_DEPLOYMENT_TARGET = 17.4;
				MARKETING_VERSION = 1.0;
				PRODUCT_BUNDLE_IDENTIFIER = dev.alic3.EdatTests;
				PRODUCT_NAME = "$(TARGET_NAME)";
				SWIFT_EMIT_LOC_STRINGS = NO;
				SWIFT_VERSION = 5.0;
				TARGETED_DEVICE_FAMILY = "1,2";
				TEST_HOST = "$(BUILT_PRODUCTS_DIR)/Edat.app/$(BUNDLE_EXECUTABLE_FOLDER_PATH)/Edat";
			};
			name = Release;
		};
		91233A552BE57BB00083E6B2 /* Debug */ = {
			isa = XCBuildConfiguration;
			buildSettings = {
				ALWAYS_EMBED_SWIFT_STANDARD_LIBRARIES = YES;
				CODE_SIGN_STYLE = Automatic;
				CURRENT_PROJECT_VERSION = 1;
				DEVELOPMENT_TEAM = UPCM39KX7S;
				GENERATE_INFOPLIST_FILE = YES;
				MARKETING_VERSION = 1.0;
				PRODUCT_BUNDLE_IDENTIFIER = dev.alic3.EdatUITests;
				PRODUCT_NAME = "$(TARGET_NAME)";
				SWIFT_EMIT_LOC_STRINGS = NO;
				SWIFT_VERSION = 5.0;
				TARGETED_DEVICE_FAMILY = "1,2";
				TEST_TARGET_NAME = Edat;
			};
			name = Debug;
		};
		91233A562BE57BB00083E6B2 /* Release */ = {
			isa = XCBuildConfiguration;
			buildSettings = {
				ALWAYS_EMBED_SWIFT_STANDARD_LIBRARIES = YES;
				CODE_SIGN_STYLE = Automatic;
				CURRENT_PROJECT_VERSION = 1;
				DEVELOPMENT_TEAM = UPCM39KX7S;
				GENERATE_INFOPLIST_FILE = YES;
				MARKETING_VERSION = 1.0;
				PRODUCT_BUNDLE_IDENTIFIER = dev.alic3.EdatUITests;
				PRODUCT_NAME = "$(TARGET_NAME)";
				SWIFT_EMIT_LOC_STRINGS = NO;
				SWIFT_VERSION = 5.0;
				TARGETED_DEVICE_FAMILY = "1,2";
				TEST_TARGET_NAME = Edat;
			};
			name = Release;
		};
/* End XCBuildConfiguration section */

/* Begin XCConfigurationList section */
		91233A232BE57BAB0083E6B2 /* Build configuration list for PBXProject "Edat" */ = {
			isa = XCConfigurationList;
			buildConfigurations = (
				91233A4C2BE57BB00083E6B2 /* Debug */,
				91233A4D2BE57BB00083E6B2 /* Release */,
			);
			defaultConfigurationIsVisible = 0;
			defaultConfigurationName = Release;
		};
		91233A4E2BE57BB00083E6B2 /* Build configuration list for PBXNativeTarget "Edat" */ = {
			isa = XCConfigurationList;
			buildConfigurations = (
				91233A4F2BE57BB00083E6B2 /* Debug */,
				91233A502BE57BB00083E6B2 /* Release */,
			);
			defaultConfigurationIsVisible = 0;
			defaultConfigurationName = Release;
		};
		91233A512BE57BB00083E6B2 /* Build configuration list for PBXNativeTarget "EdatTests" */ = {
			isa = XCConfigurationList;
			buildConfigurations = (
				91233A522BE57BB00083E6B2 /* Debug */,
				91233A532BE57BB00083E6B2 /* Release */,
			);
			defaultConfigurationIsVisible = 0;
			defaultConfigurationName = Release;
		};
		91233A542BE57BB00083E6B2 /* Build configuration list for PBXNativeTarget "EdatUITests" */ = {
			isa = XCConfigurationList;
			buildConfigurations = (
				91233A552BE57BB00083E6B2 /* Debug */,
				91233A562BE57BB00083E6B2 /* Release */,
			);
			defaultConfigurationIsVisible = 0;
			defaultConfigurationName = Release;
		};
/* End XCConfigurationList section */
	};
	rootObject = 91233A202BE57BAB0083E6B2 /* Project object */;
}
